# Prisma Migrate lockfile v1

20210117030842-keystone-ckk0k8knc0000rbyi3ntk5an4
20210117030907-keystone-ckk0k93r80000sfyif9gt9jzc
20210117034455-keystone-ckk0lj5hm00008ryi6j6m6ejt
20210117034629-keystone-ckk0ll5y300009vyid2nefjql
20210117035413-keystone-ckk0lv41c0000gwyi3909eq7b
20210117035717-keystone-ckk0lz27j0000j5yia4slhp0y
20210117043911-keystone-ckk0ngxyn000007yi2wolgdw3
20210117160440-keystone-ckk1bygzb0000lzyiati7dsno
20210117161125-keystone-ckk1c75hw0000r2yi6d6c8jvj
20210117161442-keystone-ckk1cbdt90000toyifdigfog7
20210117163448-keystone-ckk1d18ee00004ayi5gyo7y41
20210117165138-keystone-ckk1dmve10000ebyibzgy5aab